
Microsoft Visual Studio Solution File, Format Version 12.00
# Visual Studio 15
VisualStudioVersion = 15.0.28010.2019
MinimumVisualStudioVersion = 10.0.40219.1
Project("{8BC9CEB8-8B4A-11D0-8D11-00A0C91BC942}") = "Alg_Lab_3_Sem_2", "Alg_Lab_3_Sem_2\Alg_Lab_3_Sem_2.vcxproj", "{D0812CA3-A8DB-4755-A3B0-44B954DD7FE3}"
EndProject
Project("{8BC9CEB8-8B4A-11D0-8D11-00A0C91BC942}") = "Alg_Lab_4_Sem_2", "Alg_Lab_4_Sem_2\Alg_Lab_4_Sem_2.vcxproj", "{DE6A72B7-3F41-41C9-BDD3-688470317C65}"
EndProject
Project("{8BC9CEB8-8B4A-11D0-8D11-00A0C91BC942}") = "Alg_lab_6_Sem_2", "Alg_lab_6_Sem_2\Alg_lab_6_Sem_2.vcxproj", "{8A03A9A7-A956-4DBA-8AA7-AB01AFDD3212}"
EndProject
Project("{8BC9CEB8-8B4A-11D0-8D11-00A0C91BC942}") = "Kolyan", "Kolyan\Kolyan.vcxproj", "{DAFBEF83-3359-4566-84CF-55EFFF101B16}"
EndProject
Project("{8BC9CEB8-8B4A-11D0-8D11-00A0C91BC942}") = "Var_Max", "Var_Max\Var_Max.vcxproj", "{8E156862-8705-4702-9785-221483DA1E36}"
EndProject
Project("{8BC9CEB8-8B4A-11D0-8D11-00A0C91BC942}") = "Bla", "Bla\Bla.vcxproj", "{22FCE986-3656-4AEF-A911-2B9B018509C6}"
EndProject
Global
	GlobalSection(SolutionConfigurationPlatforms) = preSolution
		Debug|x64 = Debug|x64
		Debug|x86 = Debug|x86
		Release|x64 = Release|x64
		Release|x86 = Release|x86
	EndGlobalSection
	GlobalSection(ProjectConfigurationPlatforms) = postSolution
		{D0812CA3-A8DB-4755-A3B0-44B954DD7FE3}.Debug|x64.ActiveCfg = Debug|x64
		{D0812CA3-A8DB-4755-A3B0-44B954DD7FE3}.Debug|x64.Build.0 = Debug|x64
		{D0812CA3-A8DB-4755-A3B0-44B954DD7FE3}.Debug|x86.ActiveCfg = Debug|Win32
		{D0812CA3-A8DB-4755-A3B0-44B954DD7FE3}.Debug|x86.Build.0 = Debug|Win32
		{D0812CA3-A8DB-4755-A3B0-44B954DD7FE3}.Release|x64.ActiveCfg = Release|x64
		{D0812CA3-A8DB-4755-A3B0-44B954DD7FE3}.Release|x64.Build.0 = Release|x64
		{D0812CA3-A8DB-4755-A3B0-44B954DD7FE3}.Release|x86.ActiveCfg = Release|Win32
		{D0812CA3-A8DB-4755-A3B0-44B954DD7FE3}.Release|x86.Build.0 = Release|Win32
		{DE6A72B7-3F41-41C9-BDD3-688470317C65}.Debug|x64.ActiveCfg = Debug|x64
		{DE6A72B7-3F41-41C9-BDD3-688470317C65}.Debug|x64.Build.0 = Debug|x64
		{DE6A72B7-3F41-41C9-BDD3-688470317C65}.Debug|x86.ActiveCfg = Debug|Win32
		{DE6A72B7-3F41-41C9-BDD3-688470317C65}.Debug|x86.Build.0 = Debug|Win32
		{DE6A72B7-3F41-41C9-BDD3-688470317C65}.Release|x64.ActiveCfg = Release|x64
		{DE6A72B7-3F41-41C9-BDD3-688470317C65}.Release|x64.Build.0 = Release|x64
		{DE6A72B7-3F41-41C9-BDD3-688470317C65}.Release|x86.ActiveCfg = Release|Win32
		{DE6A72B7-3F41-41C9-BDD3-688470317C65}.Release|x86.Build.0 = Release|Win32
		{8A03A9A7-A956-4DBA-8AA7-AB01AFDD3212}.Debug|x64.ActiveCfg = Debug|x64
		{8A03A9A7-A956-4DBA-8AA7-AB01AFDD3212}.Debug|x64.Build.0 = Debug|x64
		{8A03A9A7-A956-4DBA-8AA7-AB01AFDD3212}.Debug|x86.ActiveCfg = Debug|Win32
		{8A03A9A7-A956-4DBA-8AA7-AB01AFDD3212}.Debug|x86.Build.0 = Debug|Win32
		{8A03A9A7-A956-4DBA-8AA7-AB01AFDD3212}.Release|x64.ActiveCfg = Release|x64
		{8A03A9A7-A956-4DBA-8AA7-AB01AFDD3212}.Release|x64.Build.0 = Release|x64
		{8A03A9A7-A956-4DBA-8AA7-AB01AFDD3212}.Release|x86.ActiveCfg = Release|Win32
		{8A03A9A7-A956-4DBA-8AA7-AB01AFDD3212}.Release|x86.Build.0 = Release|Win32
		{DAFBEF83-3359-4566-84CF-55EFFF101B16}.Debug|x64.ActiveCfg = Debug|x64
		{DAFBEF83-3359-4566-84CF-55EFFF101B16}.Debug|x64.Build.0 = Debug|x64
		{DAFBEF83-3359-4566-84CF-55EFFF101B16}.Debug|x86.ActiveCfg = Debug|Win32
		{DAFBEF83-3359-4566-84CF-55EFFF101B16}.Debug|x86.Build.0 = Debug|Win32
		{DAFBEF83-3359-4566-84CF-55EFFF101B16}.Release|x64.ActiveCfg = Release|x64
		{DAFBEF83-3359-4566-84CF-55EFFF101B16}.Release|x64.Build.0 = Release|x64
		{DAFBEF83-3359-4566-84CF-55EFFF101B16}.Release|x86.ActiveCfg = Release|Win32
		{DAFBEF83-3359-4566-84CF-55EFFF101B16}.Release|x86.Build.0 = Release|Win32
		{8E156862-8705-4702-9785-221483DA1E36}.Debug|x64.ActiveCfg = Debug|x64
		{8E156862-8705-4702-9785-221483DA1E36}.Debug|x64.Build.0 = Debug|x64
		{8E156862-8705-4702-9785-221483DA1E36}.Debug|x86.ActiveCfg = Debug|Win32
		{8E156862-8705-4702-9785-221483DA1E36}.Debug|x86.Build.0 = Debug|Win32
		{8E156862-8705-4702-9785-221483DA1E36}.Release|x64.ActiveCfg = Release|x64
		{8E156862-8705-4702-9785-221483DA1E36}.Release|x64.Build.0 = Release|x64
		{8E156862-8705-4702-9785-221483DA1E36}.Release|x86.ActiveCfg = Release|Win32
		{8E156862-8705-4702-9785-221483DA1E36}.Release|x86.Build.0 = Release|Win32
		{22FCE986-3656-4AEF-A911-2B9B018509C6}.Debug|x64.ActiveCfg = Debug|x64
		{22FCE986-3656-4AEF-A911-2B9B018509C6}.Debug|x64.Build.0 = Debug|x64
		{22FCE986-3656-4AEF-A911-2B9B018509C6}.Debug|x86.ActiveCfg = Debug|Win32
		{22FCE986-3656-4AEF-A911-2B9B018509C6}.Debug|x86.Build.0 = Debug|Win32
		{22FCE986-3656-4AEF-A911-2B9B018509C6}.Release|x64.ActiveCfg = Release|x64
		{22FCE986-3656-4AEF-A911-2B9B018509C6}.Release|x64.Build.0 = Release|x64
		{22FCE986-3656-4AEF-A911-2B9B018509C6}.Release|x86.ActiveCfg = Release|Win32
		{22FCE986-3656-4AEF-A911-2B9B018509C6}.Release|x86.Build.0 = Release|Win32
	EndGlobalSection
	GlobalSection(SolutionProperties) = preSolution
		HideSolutionNode = FALSE
	EndGlobalSection
	GlobalSection(ExtensibilityGlobals) = postSolution
		SolutionGuid = {0E76EA7A-03CF-4264-AB37-3402703F53DE}
	EndGlobalSection
EndGlobal
